{
    "_meta": {
        "hash": {
            "sha256": "734752a0c83e094894d0805d666b40bf7294c9822d91f32f0317f2472ece9099"
        },
        "pipfile-spec": 6,
        "requires": {
            "python_version": "3.9"
        },
        "sources": [
            {
                "name": "pypi",
                "url": "https://pypi.org/simple",
                "verify_ssl": true
            }
        ]
    },
    "default": {
        "pdftotext": {
            "hashes": [
                "sha256:a067c121654917ecbe07fbd71c807c34bbdb1ea029e269ddd11925ee7e191d3f"
            ],
            "index": "pypi",
            "version": "==2.2.1"
        }
    },
    "develop": {}
}
